PODS:
  - SwiftLint (0.23.0)
  - XCTest-Gherkin/Core (0.16.0)
  - XCTest-Gherkin/Native (0.16.0):
    - XCTest-Gherkin/Core

DEPENDENCIES:
  - SwiftLint (~> 0.23)
  - XCTest-Gherkin/Native (from `../`)

SPEC REPOS:
  https://github.com/cocoapods/specs.git:
    - SwiftLint

EXTERNAL SOURCES:
  XCTest-Gherkin:
    :path: "../"

SPEC CHECKSUMS:
  SwiftLint: 6ddf7d305644c2239cb768a11d97cce804816691
  XCTest-Gherkin: c85a2efe41928da4cef5ddbcac55f5009d02dc30

PODFILE CHECKSUM: 040d56cac22fe93f01093a8f0021b445faf03233

COCOAPODS: 1.5.3
