PODS:
  - SwiftLint (0.39.1)
  - XCTest-Gherkin/Core (0.19.2)
  - XCTest-Gherkin/Native (0.19.2):
    - XCTest-Gherkin/Core

DEPENDENCIES:
  - SwiftLint (~> 0.23)
  - XCTest-Gherkin/Native (from `../`)

SPEC REPOS:
  https://github.com/CocoaPods/Specs.git:
    - SwiftLint

EXTERNAL SOURCES:
  XCTest-Gherkin:
    :path: "../"

SPEC CHECKSUMS:
  SwiftLint: 55e96a4a4d537d4a3156859fc1c54bd24851a046
  XCTest-Gherkin: 835528872811b20918ec37cc1cfff1f88c838450

PODFILE CHECKSUM: 040d56cac22fe93f01093a8f0021b445faf03233

COCOAPODS: 1.9.0
