PODS:
  - SwiftLint (0.39.1)
  - XCTest-Gherkin/Core (0.21.2)
  - XCTest-Gherkin/Native (0.21.2):
    - XCTest-Gherkin/Core

DEPENDENCIES:
  - SwiftLint (~> 0.23)
  - XCTest-Gherkin/Native (from `../`)

SPEC REPOS:
  https://github.com/CocoaPods/Specs.git:
    - SwiftLint

EXTERNAL SOURCES:
  XCTest-Gherkin:
    :path: "../"

SPEC CHECKSUMS:
  SwiftLint: 55e96a4a4d537d4a3156859fc1c54bd24851a046
  XCTest-Gherkin: 7c78531780d520bbec90b035077b0bf9fc178717

PODFILE CHECKSUM: 040d56cac22fe93f01093a8f0021b445faf03233

COCOAPODS: 1.10.2
