// !$*UTF8*$!
{
	archiveVersion = 1;
	classes = {
	};
	objectVersion = 46;
	objects = {

/* Begin PBXBuildFile section */
		1168CE4D6DC2635FC45A7915 /* Pods_XCTest_Gherkin_Example_XCTest_Gherkin_ExampleUITests.framework in Frameworks */ = {isa = PBXBuildFile; fileRef = B3AC2FD70988184EBE408E62 /* Pods_XCTest_Gherkin_Example_XCTest_Gherkin_ExampleUITests.framework */; };
		27D846191C59282A002C835B /* StringGherkinExtensionTests.swift in Sources */ = {isa = PBXBuildFile; fileRef = 27D846181C59282A002C835B /* StringGherkinExtensionTests.swift */; };
		4192DCBF36495401CB2EB045 /* Pods_XCTest_Gherkin_Example_XCTest_Gherkin_ExampleUITests.framework in Frameworks */ = {isa = PBXBuildFile; fileRef = 42EF7CD93ACD3376C1634DE7 /* Pods_XCTest_Gherkin_Example_XCTest_Gherkin_ExampleUITests.framework */; };
		578212291E94B1610048D25F /* ExampleNativeOrderTest.swift in Sources */ = {isa = PBXBuildFile; fileRef = 578212281E94B1610048D25F /* ExampleNativeOrderTest.swift */; };
		5782122B1E974A570048D25F /* NativeScenarioTest.swift in Sources */ = {isa = PBXBuildFile; fileRef = 5782122A1E974A570048D25F /* NativeScenarioTest.swift */; };
		607FACD61AFB9204008FA782 /* AppDelegate.swift in Sources */ = {isa = PBXBuildFile; fileRef = 607FACD51AFB9204008FA782 /* AppDelegate.swift */; };
		607FACD81AFB9204008FA782 /* ViewController.swift in Sources */ = {isa = PBXBuildFile; fileRef = 607FACD71AFB9204008FA782 /* ViewController.swift */; };
		607FACDB1AFB9204008FA782 /* Main.storyboard in Resources */ = {isa = PBXBuildFile; fileRef = 607FACD91AFB9204008FA782 /* Main.storyboard */; };
		607FACDD1AFB9204008FA782 /* Images.xcassets in Resources */ = {isa = PBXBuildFile; fileRef = 607FACDC1AFB9204008FA782 /* Images.xcassets */; };
		607FACE01AFB9204008FA782 /* LaunchScreen.xib in Resources */ = {isa = PBXBuildFile; fileRef = 607FACDE1AFB9204008FA782 /* LaunchScreen.xib */; };
		63D949F922DE7740002646F3 /* ScenarioContextTests.swift in Sources */ = {isa = PBXBuildFile; fileRef = 63D949F822DE7740002646F3 /* ScenarioContextTests.swift */; };
		9B9DF95F1DDB3A4500EDBDDF /* ExampleNativeRunnerTest.swift in Sources */ = {isa = PBXBuildFile; fileRef = 9B9DF95E1DDB3A4500EDBDDF /* ExampleNativeRunnerTest.swift */; };
		A055C1B120F8DC5B00539791 /* MultipleTestRunTests.swift in Sources */ = {isa = PBXBuildFile; fileRef = A055C1AE20F8D68800539791 /* MultipleTestRunTests.swift */; };
		AE7D6C386C4DAF0C1292DE0B /* Pods_XCTest_Gherkin_Example_XCTest_Gherkin_Tests.framework in Frameworks */ = {isa = PBXBuildFile; fileRef = B23A6E26B52E88BC1F182097 /* Pods_XCTest_Gherkin_Example_XCTest_Gherkin_Tests.framework */; };
		B5772A4F21C7D006005A1EB4 /* NativeDataTableTest.swift in Sources */ = {isa = PBXBuildFile; fileRef = B5772A4E21C7D006005A1EB4 /* NativeDataTableTest.swift */; };
		B5F7CFB921320DDF001643BD /* ExampleNativeLocalisationTest.swift in Sources */ = {isa = PBXBuildFile; fileRef = B5F7CFB821320DDF001643BD /* ExampleNativeLocalisationTest.swift */; };
		B5FC01A7213A0A66006B5A48 /* NativeFeatureParserTests.swift in Sources */ = {isa = PBXBuildFile; fileRef = B5FC01A6213A0A65006B5A48 /* NativeFeatureParserTests.swift */; };
		B5FC01AF213AB45F006B5A48 /* BackgroundTests.swift in Sources */ = {isa = PBXBuildFile; fileRef = B5FC01AE213AB45F006B5A48 /* BackgroundTests.swift */; };
		DECAC73D7389FA6DBB085AF4 /* Pods_XCTest_Gherkin_Example.framework in Frameworks */ = {isa = PBXBuildFile; fileRef = 295FB96ECF4E36A80D3B3F04 /* Pods_XCTest_Gherkin_Example.framework */; };
		E53F47DF1D02103C0077CCCD /* XCTest_Gherkin_ExampleUITests.swift in Sources */ = {isa = PBXBuildFile; fileRef = E53F47DD1D02103C0077CCCD /* XCTest_Gherkin_ExampleUITests.swift */; };
		E53F47E11D0210500077CCCD /* UITestStepDefinitions.swift in Sources */ = {isa = PBXBuildFile; fileRef = E53F47E01D0210500077CCCD /* UITestStepDefinitions.swift */; };
		E5805C011BEA93CE00D3ECD5 /* ExampleFeatures.swift in Sources */ = {isa = PBXBuildFile; fileRef = E5805BFE1BEA939000D3ECD5 /* ExampleFeatures.swift */; };
		E5805C031BEA93E900D3ECD5 /* SanitySteps.swift in Sources */ = {isa = PBXBuildFile; fileRef = E5805C021BEA93E900D3ECD5 /* SanitySteps.swift */; };
		E5B911FE1D0961DA0030AD1D /* NativeFeatures in Resources */ = {isa = PBXBuildFile; fileRef = E54130971BEBE06600E92975 /* NativeFeatures */; };
		E5E12D691BEBE1AA00EA1D61 /* ExampleNativeTest.swift in Sources */ = {isa = PBXBuildFile; fileRef = E54130991BEBE11B00E92975 /* ExampleNativeTest.swift */; };
		E8C172641D25197C006A99DF /* ExampleNativeFeatureTest.swift in Sources */ = {isa = PBXBuildFile; fileRef = E8C172631D25197C006A99DF /* ExampleNativeFeatureTest.swift */; };
/* End PBXBuildFile section */

/* Begin PBXContainerItemProxy section */
		607FACE61AFB9204008FA782 /* PBXContainerItemProxy */ = {
			isa = PBXContainerItemProxy;
			containerPortal = 607FACC81AFB9204008FA782 /* Project object */;
			proxyType = 1;
			remoteGlobalIDString = 607FACCF1AFB9204008FA782;
			remoteInfo = "XCTest-Gherkin";
		};
		E53F47D71D020EB80077CCCD /* PBXContainerItemProxy */ = {
			isa = PBXContainerItemProxy;
			containerPortal = 607FACC81AFB9204008FA782 /* Project object */;
			proxyType = 1;
			remoteGlobalIDString = 607FACCF1AFB9204008FA782;
			remoteInfo = "XCTest-Gherkin_Example";
		};
/* End PBXContainerItemProxy section */

/* Begin PBXFileReference section */
		12559AB8E3322F1D3527069B /* Pods_XCTest_Gherkin_Example_XCTest_Gherkin_Tests.framework */ = {isa = PBXFileReference; explicitFileType = wrapper.framework; includeInIndex = 0; path = Pods_XCTest_Gherkin_Example_XCTest_Gherkin_Tests.framework; sourceTree = BUILT_PRODUCTS_DIR; };
		27D846181C59282A002C835B /* StringGherkinExtensionTests.swift */ = {isa = PBXFileReference; fileEncoding = 4; lastKnownFileType = sourcecode.swift; path = StringGherkinExtensionTests.swift; sourceTree = "<group>"; };
		295FB96ECF4E36A80D3B3F04 /* Pods_XCTest_Gherkin_Example.framework */ = {isa = PBXFileReference; explicitFileType = wrapper.framework; includeInIndex = 0; path = Pods_XCTest_Gherkin_Example.framework; sourceTree = BUILT_PRODUCTS_DIR; };
		341B7FAE13C5A98236C5A5BF /* Pods-XCTest-Gherkin_Example.release.xcconfig */ = {isa = PBXFileReference; includeInIndex = 1; lastKnownFileType = text.xcconfig; name = "Pods-XCTest-Gherkin_Example.release.xcconfig"; path = "Pods/Target Support Files/Pods-XCTest-Gherkin_Example/Pods-XCTest-Gherkin_Example.release.xcconfig"; sourceTree = "<group>"; };
		3797209CB013F3B503E75F1E /* Pods-XCTest-Gherkin_Example-XCTest-Gherkin_Tests.debug.xcconfig */ = {isa = PBXFileReference; includeInIndex = 1; lastKnownFileType = text.xcconfig; name = "Pods-XCTest-Gherkin_Example-XCTest-Gherkin_Tests.debug.xcconfig"; path = "Pods/Target Support Files/Pods-XCTest-Gherkin_Example-XCTest-Gherkin_Tests/Pods-XCTest-Gherkin_Example-XCTest-Gherkin_Tests.debug.xcconfig"; sourceTree = "<group>"; };
		42EF7CD93ACD3376C1634DE7 /* Pods_XCTest_Gherkin_Example_XCTest_Gherkin_ExampleUITests.framework */ = {isa = PBXFileReference; explicitFileType = wrapper.framework; includeInIndex = 0; path = Pods_XCTest_Gherkin_Example_XCTest_Gherkin_ExampleUITests.framework; sourceTree = BUILT_PRODUCTS_DIR; };
		462BCEBFB190DCBC13EEB207 /* Pods-XCTest-Gherkin_Example-XCTest-Gherkin_ExampleUITests.debug.xcconfig */ = {isa = PBXFileReference; includeInIndex = 1; lastKnownFileType = text.xcconfig; name = "Pods-XCTest-Gherkin_Example-XCTest-Gherkin_ExampleUITests.debug.xcconfig"; path = "Pods/Target Support Files/Pods-XCTest-Gherkin_Example-XCTest-Gherkin_ExampleUITests/Pods-XCTest-Gherkin_Example-XCTest-Gherkin_ExampleUITests.debug.xcconfig"; sourceTree = "<group>"; };
		50D5C85A0E0130261BB017CF /* Pods-XCTest-Gherkin_Example.release.xcconfig */ = {isa = PBXFileReference; includeInIndex = 1; lastKnownFileType = text.xcconfig; name = "Pods-XCTest-Gherkin_Example.release.xcconfig"; path = "Pods/Target Support Files/Pods-XCTest-Gherkin_Example/Pods-XCTest-Gherkin_Example.release.xcconfig"; sourceTree = "<group>"; };
		578212281E94B1610048D25F /* ExampleNativeOrderTest.swift */ = {isa = PBXFileReference; fileEncoding = 4; lastKnownFileType = sourcecode.swift; path = ExampleNativeOrderTest.swift; sourceTree = "<group>"; };
		5782122A1E974A570048D25F /* NativeScenarioTest.swift */ = {isa = PBXFileReference; fileEncoding = 4; lastKnownFileType = sourcecode.swift; path = NativeScenarioTest.swift; sourceTree = "<group>"; };
		58C4996252B2FCDA30E1A382 /* XCTest-Gherkin.podspec */ = {isa = PBXFileReference; includeInIndex = 1; lastKnownFileType = text; name = "XCTest-Gherkin.podspec"; path = "../XCTest-Gherkin.podspec"; sourceTree = "<group>"; xcLanguageSpecificationIdentifier = xcode.lang.ruby; };
		5B3A3F15B04E49E181011C20 /* Pods-XCTest-Gherkin_Example.debug.xcconfig */ = {isa = PBXFileReference; includeInIndex = 1; lastKnownFileType = text.xcconfig; name = "Pods-XCTest-Gherkin_Example.debug.xcconfig"; path = "Pods/Target Support Files/Pods-XCTest-Gherkin_Example/Pods-XCTest-Gherkin_Example.debug.xcconfig"; sourceTree = "<group>"; };
		607FACD01AFB9204008FA782 /* XCTest-Gherkin_Example.app */ = {isa = PBXFileReference; explicitFileType = wrapper.application; includeInIndex = 0; path = "XCTest-Gherkin_Example.app"; sourceTree = BUILT_PRODUCTS_DIR; };
		607FACD41AFB9204008FA782 /* Info.plist */ = {isa = PBXFileReference; lastKnownFileType = text.plist.xml; path = Info.plist; sourceTree = "<group>"; };
		607FACD51AFB9204008FA782 /* AppDelegate.swift */ = {isa = PBXFileReference; lastKnownFileType = sourcecode.swift; path = AppDelegate.swift; sourceTree = "<group>"; };
		607FACD71AFB9204008FA782 /* ViewController.swift */ = {isa = PBXFileReference; lastKnownFileType = sourcecode.swift; path = ViewController.swift; sourceTree = "<group>"; };
		607FACDA1AFB9204008FA782 /* Base */ = {isa = PBXFileReference; lastKnownFileType = file.storyboard; name = Base; path = Base.lproj/Main.storyboard; sourceTree = "<group>"; };
		607FACDC1AFB9204008FA782 /* Images.xcassets */ = {isa = PBXFileReference; lastKnownFileType = folder.assetcatalog; path = Images.xcassets; sourceTree = "<group>"; };
		607FACDF1AFB9204008FA782 /* Base */ = {isa = PBXFileReference; lastKnownFileType = file.xib; name = Base; path = Base.lproj/LaunchScreen.xib; sourceTree = "<group>"; };
		607FACE51AFB9204008FA782 /* XCTest-Gherkin_Tests.xctest */ = {isa = PBXFileReference; explicitFileType = wrapper.cfbundle; includeInIndex = 0; path = "XCTest-Gherkin_Tests.xctest"; sourceTree = BUILT_PRODUCTS_DIR; };
		607FACEA1AFB9204008FA782 /* Info.plist */ = {isa = PBXFileReference; lastKnownFileType = text.plist.xml; path = Info.plist; sourceTree = "<group>"; };
		63D949F822DE7740002646F3 /* ScenarioContextTests.swift */ = {isa = PBXFileReference; lastKnownFileType = sourcecode.swift; path = ScenarioContextTests.swift; sourceTree = "<group>"; };
		6B239BDEED48C1DC1299C5E1 /* Pods-XCTest-Gherkin_Example-XCTest-Gherkin_Tests.debug.xcconfig */ = {isa = PBXFileReference; includeInIndex = 1; lastKnownFileType = text.xcconfig; name = "Pods-XCTest-Gherkin_Example-XCTest-Gherkin_Tests.debug.xcconfig"; path = "Pods/Target Support Files/Pods-XCTest-Gherkin_Example-XCTest-Gherkin_Tests/Pods-XCTest-Gherkin_Example-XCTest-Gherkin_Tests.debug.xcconfig"; sourceTree = "<group>"; };
		7150CEEAA1CD24EB97D789AC /* Pods-XCTest-Gherkin_Example-XCTest-Gherkin_Tests.release.xcconfig */ = {isa = PBXFileReference; includeInIndex = 1; lastKnownFileType = text.xcconfig; name = "Pods-XCTest-Gherkin_Example-XCTest-Gherkin_Tests.release.xcconfig"; path = "Pods/Target Support Files/Pods-XCTest-Gherkin_Example-XCTest-Gherkin_Tests/Pods-XCTest-Gherkin_Example-XCTest-Gherkin_Tests.release.xcconfig"; sourceTree = "<group>"; };
		9B9DF95E1DDB3A4500EDBDDF /* ExampleNativeRunnerTest.swift */ = {isa = PBXFileReference; fileEncoding = 4; lastKnownFileType = sourcecode.swift; path = ExampleNativeRunnerTest.swift; sourceTree = "<group>"; };
		A055C1AE20F8D68800539791 /* MultipleTestRunTests.swift */ = {isa = PBXFileReference; lastKnownFileType = sourcecode.swift; path = MultipleTestRunTests.swift; sourceTree = "<group>"; };
		AD8DF65B966910B5E42CBECB /* README.md */ = {isa = PBXFileReference; includeInIndex = 1; lastKnownFileType = net.daringfireball.markdown; name = README.md; path = ../README.md; sourceTree = "<group>"; };
		B23A6E26B52E88BC1F182097 /* Pods_XCTest_Gherkin_Example_XCTest_Gherkin_Tests.framework */ = {isa = PBXFileReference; explicitFileType = wrapper.framework; includeInIndex = 0; path = Pods_XCTest_Gherkin_Example_XCTest_Gherkin_Tests.framework; sourceTree = BUILT_PRODUCTS_DIR; };
		B3AC2FD70988184EBE408E62 /* Pods_XCTest_Gherkin_Example_XCTest_Gherkin_ExampleUITests.framework */ = {isa = PBXFileReference; explicitFileType = wrapper.framework; includeInIndex = 0; path = Pods_XCTest_Gherkin_Example_XCTest_Gherkin_ExampleUITests.framework; sourceTree = BUILT_PRODUCTS_DIR; };
		B5772A4E21C7D006005A1EB4 /* NativeDataTableTest.swift */ = {isa = PBXFileReference; fileEncoding = 4; lastKnownFileType = sourcecode.swift; path = NativeDataTableTest.swift; sourceTree = "<group>"; };
		B5F7CFB821320DDF001643BD /* ExampleNativeLocalisationTest.swift */ = {isa = PBXFileReference; lastKnownFileType = sourcecode.swift; path = ExampleNativeLocalisationTest.swift; sourceTree = "<group>"; };
		B5FC01A6213A0A65006B5A48 /* NativeFeatureParserTests.swift */ = {isa = PBXFileReference; lastKnownFileType = sourcecode.swift; path = NativeFeatureParserTests.swift; sourceTree = "<group>"; };
		B5FC01AE213AB45F006B5A48 /* BackgroundTests.swift */ = {isa = PBXFileReference; fileEncoding = 4; lastKnownFileType = sourcecode.swift; path = BackgroundTests.swift; sourceTree = "<group>"; };
		B7D6D77505C82843307F74EC /* Pods-XCTest-Gherkin_Example-XCTest-Gherkin_Tests.release.xcconfig */ = {isa = PBXFileReference; includeInIndex = 1; lastKnownFileType = text.xcconfig; name = "Pods-XCTest-Gherkin_Example-XCTest-Gherkin_Tests.release.xcconfig"; path = "Pods/Target Support Files/Pods-XCTest-Gherkin_Example-XCTest-Gherkin_Tests/Pods-XCTest-Gherkin_Example-XCTest-Gherkin_Tests.release.xcconfig"; sourceTree = "<group>"; };
		C4C1C018CD3339A9AFFBDF74 /* Pods-XCTest-Gherkin_Example-XCTest-Gherkin_ExampleUITests.release.xcconfig */ = {isa = PBXFileReference; includeInIndex = 1; lastKnownFileType = text.xcconfig; name = "Pods-XCTest-Gherkin_Example-XCTest-Gherkin_ExampleUITests.release.xcconfig"; path = "Pods/Target Support Files/Pods-XCTest-Gherkin_Example-XCTest-Gherkin_ExampleUITests/Pods-XCTest-Gherkin_Example-XCTest-Gherkin_ExampleUITests.release.xcconfig"; sourceTree = "<group>"; };
		CA536550DE8FDBABA88D3F1E /* Pods-XCTest-Gherkin_Example-XCTest-Gherkin_ExampleUITests.debug.xcconfig */ = {isa = PBXFileReference; includeInIndex = 1; lastKnownFileType = text.xcconfig; name = "Pods-XCTest-Gherkin_Example-XCTest-Gherkin_ExampleUITests.debug.xcconfig"; path = "Pods/Target Support Files/Pods-XCTest-Gherkin_Example-XCTest-Gherkin_ExampleUITests/Pods-XCTest-Gherkin_Example-XCTest-Gherkin_ExampleUITests.debug.xcconfig"; sourceTree = "<group>"; };
		CA8B701E9DF0C2ED4847D00A /* Pods-XCTest-Gherkin_Example-XCTest-Gherkin_ExampleUITests.release.xcconfig */ = {isa = PBXFileReference; includeInIndex = 1; lastKnownFileType = text.xcconfig; name = "Pods-XCTest-Gherkin_Example-XCTest-Gherkin_ExampleUITests.release.xcconfig"; path = "Pods/Target Support Files/Pods-XCTest-Gherkin_Example-XCTest-Gherkin_ExampleUITests/Pods-XCTest-Gherkin_Example-XCTest-Gherkin_ExampleUITests.release.xcconfig"; sourceTree = "<group>"; };
		E1D9F2B14D731F99318CB6E8 /* Pods-XCTest-Gherkin_Example.debug.xcconfig */ = {isa = PBXFileReference; includeInIndex = 1; lastKnownFileType = text.xcconfig; name = "Pods-XCTest-Gherkin_Example.debug.xcconfig"; path = "Pods/Target Support Files/Pods-XCTest-Gherkin_Example/Pods-XCTest-Gherkin_Example.debug.xcconfig"; sourceTree = "<group>"; };
		E53F47D21D020EB80077CCCD /* XCTest-Gherkin_ExampleUITests.xctest */ = {isa = PBXFileReference; explicitFileType = wrapper.cfbundle; includeInIndex = 0; path = "XCTest-Gherkin_ExampleUITests.xctest"; sourceTree = BUILT_PRODUCTS_DIR; };
		E53F47D61D020EB80077CCCD /* Info.plist */ = {isa = PBXFileReference; lastKnownFileType = text.plist.xml; path = Info.plist; sourceTree = "<group>"; };
		E53F47DD1D02103C0077CCCD /* XCTest_Gherkin_ExampleUITests.swift */ = {isa = PBXFileReference; fileEncoding = 4; lastKnownFileType = sourcecode.swift; path = XCTest_Gherkin_ExampleUITests.swift; sourceTree = "<group>"; };
		E53F47E01D0210500077CCCD /* UITestStepDefinitions.swift */ = {isa = PBXFileReference; fileEncoding = 4; lastKnownFileType = sourcecode.swift; path = UITestStepDefinitions.swift; sourceTree = "<group>"; };
		E54130971BEBE06600E92975 /* NativeFeatures */ = {isa = PBXFileReference; lastKnownFileType = folder; path = NativeFeatures; sourceTree = "<group>"; };
		E54130991BEBE11B00E92975 /* ExampleNativeTest.swift */ = {isa = PBXFileReference; fileEncoding = 4; lastKnownFileType = sourcecode.swift; path = ExampleNativeTest.swift; sourceTree = "<group>"; };
		E568C3CD1C1068CF00270E6F /* CHANGELOG.md */ = {isa = PBXFileReference; fileEncoding = 4; lastKnownFileType = net.daringfireball.markdown; name = CHANGELOG.md; path = ../CHANGELOG.md; sourceTree = "<group>"; };
		E5805BFE1BEA939000D3ECD5 /* ExampleFeatures.swift */ = {isa = PBXFileReference; fileEncoding = 4; lastKnownFileType = sourcecode.swift; path = ExampleFeatures.swift; sourceTree = "<group>"; };
		E5805C021BEA93E900D3ECD5 /* SanitySteps.swift */ = {isa = PBXFileReference; fileEncoding = 4; lastKnownFileType = sourcecode.swift; path = SanitySteps.swift; sourceTree = "<group>"; };
		E8C172631D25197C006A99DF /* ExampleNativeFeatureTest.swift */ = {isa = PBXFileReference; fileEncoding = 4; lastKnownFileType = sourcecode.swift; path = ExampleNativeFeatureTest.swift; sourceTree = "<group>"; };
		EDB29E18271BDB43E3F11348 /* Pods_XCTest_Gherkin_Example.framework */ = {isa = PBXFileReference; explicitFileType = wrapper.framework; includeInIndex = 0; path = Pods_XCTest_Gherkin_Example.framework; sourceTree = BUILT_PRODUCTS_DIR; };
		F457A887D15F95B9CFB0E298 /* LICENSE */ = {isa = PBXFileReference; includeInIndex = 1; lastKnownFileType = text; name = LICENSE; path = ../LICENSE; sourceTree = "<group>"; };
/* End PBXFileReference section */

/* Begin PBXFrameworksBuildPhase section */
		607FACCD1AFB9204008FA782 /* Frameworks */ = {
			isa = PBXFrameworksBuildPhase;
			buildActionMask = 2147483647;
			files = (
				DECAC73D7389FA6DBB085AF4 /* Pods_XCTest_Gherkin_Example.framework in Frameworks */,
			);
			runOnlyForDeploymentPostprocessing = 0;
		};
		607FACE21AFB9204008FA782 /* Frameworks */ = {
			isa = PBXFrameworksBuildPhase;
			buildActionMask = 2147483647;
			files = (
				AE7D6C386C4DAF0C1292DE0B /* Pods_XCTest_Gherkin_Example_XCTest_Gherkin_Tests.framework in Frameworks */,
			);
			runOnlyForDeploymentPostprocessing = 0;
		};
		E53F47CF1D020EB80077CCCD /* Frameworks */ = {
			isa = PBXFrameworksBuildPhase;
			buildActionMask = 2147483647;
			files = (
				4192DCBF36495401CB2EB045 /* Pods_XCTest_Gherkin_Example_XCTest_Gherkin_ExampleUITests.framework in Frameworks */,
				1168CE4D6DC2635FC45A7915 /* Pods_XCTest_Gherkin_Example_XCTest_Gherkin_ExampleUITests.framework in Frameworks */,
			);
			runOnlyForDeploymentPostprocessing = 0;
		};
/* End PBXFrameworksBuildPhase section */

/* Begin PBXGroup section */
		607FACC71AFB9204008FA782 = {
			isa = PBXGroup;
			children = (
				607FACF51AFB993E008FA782 /* Podspec Metadata */,
				607FACD21AFB9204008FA782 /* Example for XCTest-Gherkin */,
				607FACE81AFB9204008FA782 /* Tests */,
				E53F47D31D020EB80077CCCD /* XCTest-Gherkin_ExampleUITests */,
				607FACD11AFB9204008FA782 /* Products */,
				B25367571932A3EE0742BA05 /* Pods */,
				7544643F8FED89CB84D0740A /* Frameworks */,
				EB517D716F39E84B46728C15 /* Pods */,
				E9DCC9E3C1BA22C7BB91E192 /* Frameworks */,
			);
			sourceTree = "<group>";
		};
		607FACD11AFB9204008FA782 /* Products */ = {
			isa = PBXGroup;
			children = (
				607FACD01AFB9204008FA782 /* XCTest-Gherkin_Example.app */,
				607FACE51AFB9204008FA782 /* XCTest-Gherkin_Tests.xctest */,
				E53F47D21D020EB80077CCCD /* XCTest-Gherkin_ExampleUITests.xctest */,
			);
			name = Products;
			sourceTree = "<group>";
		};
		607FACD21AFB9204008FA782 /* Example for XCTest-Gherkin */ = {
			isa = PBXGroup;
			children = (
				607FACD51AFB9204008FA782 /* AppDelegate.swift */,
				607FACD71AFB9204008FA782 /* ViewController.swift */,
				607FACD91AFB9204008FA782 /* Main.storyboard */,
				607FACDC1AFB9204008FA782 /* Images.xcassets */,
				607FACDE1AFB9204008FA782 /* LaunchScreen.xib */,
				607FACD31AFB9204008FA782 /* Supporting Files */,
			);
			name = "Example for XCTest-Gherkin";
			path = "XCTest-Gherkin";
			sourceTree = "<group>";
		};
		607FACD31AFB9204008FA782 /* Supporting Files */ = {
			isa = PBXGroup;
			children = (
				607FACD41AFB9204008FA782 /* Info.plist */,
			);
			name = "Supporting Files";
			sourceTree = "<group>";
		};
		607FACE81AFB9204008FA782 /* Tests */ = {
			isa = PBXGroup;
			children = (
				E5805BFD1BEA939000D3ECD5 /* Features */,
				E5805BFF1BEA939000D3ECD5 /* StepDefinitions */,
				607FACE91AFB9204008FA782 /* Supporting Files */,
				27D846181C59282A002C835B /* StringGherkinExtensionTests.swift */,
				B5FC01A6213A0A65006B5A48 /* NativeFeatureParserTests.swift */,
			);
			path = Tests;
			sourceTree = "<group>";
		};
		607FACE91AFB9204008FA782 /* Supporting Files */ = {
			isa = PBXGroup;
			children = (
				607FACEA1AFB9204008FA782 /* Info.plist */,
			);
			name = "Supporting Files";
			sourceTree = "<group>";
		};
		607FACF51AFB993E008FA782 /* Podspec Metadata */ = {
			isa = PBXGroup;
			children = (
				E568C3CD1C1068CF00270E6F /* CHANGELOG.md */,
				58C4996252B2FCDA30E1A382 /* XCTest-Gherkin.podspec */,
				AD8DF65B966910B5E42CBECB /* README.md */,
				F457A887D15F95B9CFB0E298 /* LICENSE */,
			);
			name = "Podspec Metadata";
			sourceTree = "<group>";
		};
		7544643F8FED89CB84D0740A /* Frameworks */ = {
			isa = PBXGroup;
			children = (
				295FB96ECF4E36A80D3B3F04 /* Pods_XCTest_Gherkin_Example.framework */,
				B23A6E26B52E88BC1F182097 /* Pods_XCTest_Gherkin_Example_XCTest_Gherkin_Tests.framework */,
				B3AC2FD70988184EBE408E62 /* Pods_XCTest_Gherkin_Example_XCTest_Gherkin_ExampleUITests.framework */,
			);
			name = Frameworks;
			sourceTree = "<group>";
		};
		B25367571932A3EE0742BA05 /* Pods */ = {
			isa = PBXGroup;
			children = (
				E1D9F2B14D731F99318CB6E8 /* Pods-XCTest-Gherkin_Example.debug.xcconfig */,
				50D5C85A0E0130261BB017CF /* Pods-XCTest-Gherkin_Example.release.xcconfig */,
				3797209CB013F3B503E75F1E /* Pods-XCTest-Gherkin_Example-XCTest-Gherkin_Tests.debug.xcconfig */,
				7150CEEAA1CD24EB97D789AC /* Pods-XCTest-Gherkin_Example-XCTest-Gherkin_Tests.release.xcconfig */,
				462BCEBFB190DCBC13EEB207 /* Pods-XCTest-Gherkin_Example-XCTest-Gherkin_ExampleUITests.debug.xcconfig */,
				C4C1C018CD3339A9AFFBDF74 /* Pods-XCTest-Gherkin_Example-XCTest-Gherkin_ExampleUITests.release.xcconfig */,
			);
			name = Pods;
			sourceTree = "<group>";
		};
		E53F47D31D020EB80077CCCD /* XCTest-Gherkin_ExampleUITests */ = {
			isa = PBXGroup;
			children = (
				E53F47DC1D02103C0077CCCD /* Features */,
				E53F47DE1D02103C0077CCCD /* StepDefinitions */,
				E53F47D61D020EB80077CCCD /* Info.plist */,
			);
			path = "XCTest-Gherkin_ExampleUITests";
			sourceTree = "<group>";
		};
		E53F47DC1D02103C0077CCCD /* Features */ = {
			isa = PBXGroup;
			children = (
				E53F47DD1D02103C0077CCCD /* XCTest_Gherkin_ExampleUITests.swift */,
			);
			path = Features;
			sourceTree = "<group>";
		};
		E53F47DE1D02103C0077CCCD /* StepDefinitions */ = {
			isa = PBXGroup;
			children = (
				E53F47E01D0210500077CCCD /* UITestStepDefinitions.swift */,
			);
			path = StepDefinitions;
			sourceTree = "<group>";
		};
		E5805BFD1BEA939000D3ECD5 /* Features */ = {
			isa = PBXGroup;
			children = (
				E54130971BEBE06600E92975 /* NativeFeatures */,
				E5805BFE1BEA939000D3ECD5 /* ExampleFeatures.swift */,
				E54130991BEBE11B00E92975 /* ExampleNativeTest.swift */,
				B5772A4E21C7D006005A1EB4 /* NativeDataTableTest.swift */,
				5782122A1E974A570048D25F /* NativeScenarioTest.swift */,
				E8C172631D25197C006A99DF /* ExampleNativeFeatureTest.swift */,
				578212281E94B1610048D25F /* ExampleNativeOrderTest.swift */,
				9B9DF95E1DDB3A4500EDBDDF /* ExampleNativeRunnerTest.swift */,
				B5F7CFB821320DDF001643BD /* ExampleNativeLocalisationTest.swift */,
				A055C1AE20F8D68800539791 /* MultipleTestRunTests.swift */,
				B5FC01AE213AB45F006B5A48 /* BackgroundTests.swift */,
				63D949F822DE7740002646F3 /* ScenarioContextTests.swift */,
			);
			path = Features;
			sourceTree = "<group>";
		};
		E5805BFF1BEA939000D3ECD5 /* StepDefinitions */ = {
			isa = PBXGroup;
			children = (
				E5805C021BEA93E900D3ECD5 /* SanitySteps.swift */,
			);
			path = StepDefinitions;
			sourceTree = "<group>";
		};
		E9DCC9E3C1BA22C7BB91E192 /* Frameworks */ = {
			isa = PBXGroup;
			children = (
				EDB29E18271BDB43E3F11348 /* Pods_XCTest_Gherkin_Example.framework */,
				42EF7CD93ACD3376C1634DE7 /* Pods_XCTest_Gherkin_Example_XCTest_Gherkin_ExampleUITests.framework */,
				12559AB8E3322F1D3527069B /* Pods_XCTest_Gherkin_Example_XCTest_Gherkin_Tests.framework */,
			);
			name = Frameworks;
			sourceTree = "<group>";
		};
		EB517D716F39E84B46728C15 /* Pods */ = {
			isa = PBXGroup;
			children = (
				5B3A3F15B04E49E181011C20 /* Pods-XCTest-Gherkin_Example.debug.xcconfig */,
				341B7FAE13C5A98236C5A5BF /* Pods-XCTest-Gherkin_Example.release.xcconfig */,
				CA536550DE8FDBABA88D3F1E /* Pods-XCTest-Gherkin_Example-XCTest-Gherkin_ExampleUITests.debug.xcconfig */,
				CA8B701E9DF0C2ED4847D00A /* Pods-XCTest-Gherkin_Example-XCTest-Gherkin_ExampleUITests.release.xcconfig */,
				6B239BDEED48C1DC1299C5E1 /* Pods-XCTest-Gherkin_Example-XCTest-Gherkin_Tests.debug.xcconfig */,
				B7D6D77505C82843307F74EC /* Pods-XCTest-Gherkin_Example-XCTest-Gherkin_Tests.release.xcconfig */,
			);
			name = Pods;
			sourceTree = "<group>";
		};
/* End PBXGroup section */

/* Begin PBXNativeTarget section */
		607FACCF1AFB9204008FA782 /* XCTest-Gherkin_Example */ = {
			isa = PBXNativeTarget;
			buildConfigurationList = 607FACEF1AFB9204008FA782 /* Build configuration list for PBXNativeTarget "XCTest-Gherkin_Example" */;
			buildPhases = (
				4A3C67E5CC96F27175DCF5DB /* [CP] Check Pods Manifest.lock */,
				607FACCC1AFB9204008FA782 /* Sources */,
				607FACCD1AFB9204008FA782 /* Frameworks */,
				607FACCE1AFB9204008FA782 /* Resources */,
				58B3EFCDF1CF40932C170F17 /* [CP] Embed Pods Frameworks */,
				3AB2FB161F8C60C6006DA427 /* Swiftlint */,
			);
			buildRules = (
			);
			dependencies = (
			);
			name = "XCTest-Gherkin_Example";
			productName = "XCTest-Gherkin";
			productReference = 607FACD01AFB9204008FA782 /* XCTest-Gherkin_Example.app */;
			productType = "com.apple.product-type.application";
		};
		607FACE41AFB9204008FA782 /* XCTest-Gherkin_Tests */ = {
			isa = PBXNativeTarget;
			buildConfigurationList = 607FACF21AFB9204008FA782 /* Build configuration list for PBXNativeTarget "XCTest-Gherkin_Tests" */;
			buildPhases = (
				EAF11B3A1A7631C8CABDFB89 /* [CP] Check Pods Manifest.lock */,
				607FACE11AFB9204008FA782 /* Sources */,
				607FACE21AFB9204008FA782 /* Frameworks */,
				607FACE31AFB9204008FA782 /* Resources */,
				085D241C95383677E4F58633 /* [CP] Embed Pods Frameworks */,
			);
			buildRules = (
			);
			dependencies = (
				607FACE71AFB9204008FA782 /* PBXTargetDependency */,
			);
			name = "XCTest-Gherkin_Tests";
			productName = Tests;
			productReference = 607FACE51AFB9204008FA782 /* XCTest-Gherkin_Tests.xctest */;
			productType = "com.apple.product-type.bundle.unit-test";
		};
		E53F47D11D020EB80077CCCD /* XCTest-Gherkin_ExampleUITests */ = {
			isa = PBXNativeTarget;
			buildConfigurationList = E53F47DB1D020EB80077CCCD /* Build configuration list for PBXNativeTarget "XCTest-Gherkin_ExampleUITests" */;
			buildPhases = (
				E6A5AFADE2EECC1E59144B00 /* [CP] Check Pods Manifest.lock */,
				E53F47CE1D020EB80077CCCD /* Sources */,
				E53F47CF1D020EB80077CCCD /* Frameworks */,
				E53F47D01D020EB80077CCCD /* Resources */,
				E53F47E71D040B100077CCCD /* [CP] Embed Pods Frameworks */,
			);
			buildRules = (
			);
			dependencies = (
				E53F47D81D020EB80077CCCD /* PBXTargetDependency */,
			);
			name = "XCTest-Gherkin_ExampleUITests";
			productName = "XCTest-Gherkin_ExampleUITests";
			productReference = E53F47D21D020EB80077CCCD /* XCTest-Gherkin_ExampleUITests.xctest */;
			productType = "com.apple.product-type.bundle.ui-testing";
		};
/* End PBXNativeTarget section */

/* Begin PBXProject section */
		607FACC81AFB9204008FA782 /* Project object */ = {
			isa = PBXProject;
			attributes = {
				LastSwiftUpdateCheck = 0730;
				LastUpgradeCheck = 0930;
				ORGANIZATIONNAME = CocoaPods;
				TargetAttributes = {
					607FACCF1AFB9204008FA782 = {
						CreatedOnToolsVersion = 6.3.1;
						LastSwiftMigration = 1020;
					};
					607FACE41AFB9204008FA782 = {
						CreatedOnToolsVersion = 6.3.1;
						LastSwiftMigration = 1020;
						TestTargetID = 607FACCF1AFB9204008FA782;
					};
					E53F47D11D020EB80077CCCD = {
						CreatedOnToolsVersion = 7.3.1;
						LastSwiftMigration = 1020;
						TestTargetID = 607FACCF1AFB9204008FA782;
					};
				};
			};
			buildConfigurationList = 607FACCB1AFB9204008FA782 /* Build configuration list for PBXProject "XCTest-Gherkin" */;
			compatibilityVersion = "Xcode 3.2";
			developmentRegion = English;
			hasScannedForEncodings = 0;
			knownRegions = (
				English,
				en,
				Base,
			);
			mainGroup = 607FACC71AFB9204008FA782;
			productRefGroup = 607FACD11AFB9204008FA782 /* Products */;
			projectDirPath = "";
			projectRoot = "";
			targets = (
				607FACCF1AFB9204008FA782 /* XCTest-Gherkin_Example */,
				607FACE41AFB9204008FA782 /* XCTest-Gherkin_Tests */,
				E53F47D11D020EB80077CCCD /* XCTest-Gherkin_ExampleUITests */,
			);
		};
/* End PBXProject section */

/* Begin PBXResourcesBuildPhase section */
		607FACCE1AFB9204008FA782 /* Resources */ = {
			isa = PBXResourcesBuildPhase;
			buildActionMask = 2147483647;
			files = (
				607FACDB1AFB9204008FA782 /* Main.storyboard in Resources */,
				607FACE01AFB9204008FA782 /* LaunchScreen.xib in Resources */,
				607FACDD1AFB9204008FA782 /* Images.xcassets in Resources */,
			);
			runOnlyForDeploymentPostprocessing = 0;
		};
		607FACE31AFB9204008FA782 /* Resources */ = {
			isa = PBXResourcesBuildPhase;
			buildActionMask = 2147483647;
			files = (
				E5B911FE1D0961DA0030AD1D /* NativeFeatures in Resources */,
			);
			runOnlyForDeploymentPostprocessing = 0;
		};
		E53F47D01D020EB80077CCCD /* Resources */ = {
			isa = PBXResourcesBuildPhase;
			buildActionMask = 2147483647;
			files = (
			);
			runOnlyForDeploymentPostprocessing = 0;
		};
/* End PBXResourcesBuildPhase section */

/* Begin PBXShellScriptBuildPhase section */
		085D241C95383677E4F58633 /* [CP] Embed Pods Frameworks */ = {
			isa = PBXShellScriptBuildPhase;
			buildActionMask = 2147483647;
			files = (
			);
			inputPaths = (
				"${PODS_ROOT}/Target Support Files/Pods-XCTest-Gherkin_Example-XCTest-Gherkin_Tests/Pods-XCTest-Gherkin_Example-XCTest-Gherkin_Tests-frameworks.sh",
				"${BUILT_PRODUCTS_DIR}/XCTest-Gherkin/XCTest_Gherkin.framework",
			);
			name = "[CP] Embed Pods Frameworks";
			outputPaths = (
				"${TARGET_BUILD_DIR}/${FRAMEWORKS_FOLDER_PATH}/XCTest_Gherkin.framework",
			);
			runOnlyForDeploymentPostprocessing = 0;
			shellPath = /bin/sh;
			shellScript = "\"${PODS_ROOT}/Target Support Files/Pods-XCTest-Gherkin_Example-XCTest-Gherkin_Tests/Pods-XCTest-Gherkin_Example-XCTest-Gherkin_Tests-frameworks.sh\"\n";
			showEnvVarsInLog = 0;
		};
		3AB2FB161F8C60C6006DA427 /* Swiftlint */ = {
			isa = PBXShellScriptBuildPhase;
			buildActionMask = 2147483647;
			files = (
			);
			inputPaths = (
			);
			name = Swiftlint;
			outputPaths = (
			);
			runOnlyForDeploymentPostprocessing = 0;
			shellPath = /bin/sh;
			shellScript = "pushd \"${SRCROOT}/..\"\n    ./scripts/lint\n    exit $?\npopd\n";
		};
		4A3C67E5CC96F27175DCF5DB /* [CP] Check Pods Manifest.lock */ = {
			isa = PBXShellScriptBuildPhase;
			buildActionMask = 2147483647;
			files = (
			);
			inputPaths = (
				"${PODS_PODFILE_DIR_PATH}/Podfile.lock",
				"${PODS_ROOT}/Manifest.lock",
			);
			name = "[CP] Check Pods Manifest.lock";
			outputPaths = (
				"$(DERIVED_FILE_DIR)/Pods-XCTest-Gherkin_Example-checkManifestLockResult.txt",
			);
			runOnlyForDeploymentPostprocessing = 0;
			shellPath = /bin/sh;
			shellScript = "diff \"${PODS_PODFILE_DIR_PATH}/Podfile.lock\" \"${PODS_ROOT}/Manifest.lock\" > /dev/null\nif [ $? != 0 ] ; then\n    # print error to STDERR\n    echo \"error: The sandbox is not in sync with the Podfile.lock. Run 'pod install' or update your CocoaPods installation.\" >&2\n    exit 1\nfi\n# This output is used by Xcode 'outputs' to avoid re-running this script phase.\necho \"SUCCESS\" > \"${SCRIPT_OUTPUT_FILE_0}\"\n";
			showEnvVarsInLog = 0;
		};
		58B3EFCDF1CF40932C170F17 /* [CP] Embed Pods Frameworks */ = {
			isa = PBXShellScriptBuildPhase;
			buildActionMask = 2147483647;
			files = (
			);
			inputPaths = (
				"${PODS_ROOT}/Target Support Files/Pods-XCTest-Gherkin_Example/Pods-XCTest-Gherkin_Example-frameworks.sh",
				"${BUILT_PRODUCTS_DIR}/XCTest-Gherkin/XCTest_Gherkin.framework",
			);
			name = "[CP] Embed Pods Frameworks";
			outputPaths = (
				"${TARGET_BUILD_DIR}/${FRAMEWORKS_FOLDER_PATH}/XCTest_Gherkin.framework",
			);
			runOnlyForDeploymentPostprocessing = 0;
			shellPath = /bin/sh;
			shellScript = "\"${PODS_ROOT}/Target Support Files/Pods-XCTest-Gherkin_Example/Pods-XCTest-Gherkin_Example-frameworks.sh\"\n";
			showEnvVarsInLog = 0;
		};
		E53F47E71D040B100077CCCD /* [CP] Embed Pods Frameworks */ = {
			isa = PBXShellScriptBuildPhase;
			buildActionMask = 2147483647;
			files = (
			);
			inputPaths = (
				"${PODS_ROOT}/Target Support Files/Pods-XCTest-Gherkin_Example-XCTest-Gherkin_ExampleUITests/Pods-XCTest-Gherkin_Example-XCTest-Gherkin_ExampleUITests-frameworks.sh",
				"${BUILT_PRODUCTS_DIR}/XCTest-Gherkin/XCTest_Gherkin.framework",
			);
			name = "[CP] Embed Pods Frameworks";
			outputPaths = (
				"${TARGET_BUILD_DIR}/${FRAMEWORKS_FOLDER_PATH}/XCTest_Gherkin.framework",
			);
			runOnlyForDeploymentPostprocessing = 0;
			shellPath = /bin/sh;
			shellScript = "\"${PODS_ROOT}/Target Support Files/Pods-XCTest-Gherkin_Example-XCTest-Gherkin_ExampleUITests/Pods-XCTest-Gherkin_Example-XCTest-Gherkin_ExampleUITests-frameworks.sh\"\n";
		};
		E6A5AFADE2EECC1E59144B00 /* [CP] Check Pods Manifest.lock */ = {
			isa = PBXShellScriptBuildPhase;
			buildActionMask = 2147483647;
			files = (
			);
			inputPaths = (
				"${PODS_PODFILE_DIR_PATH}/Podfile.lock",
				"${PODS_ROOT}/Manifest.lock",
			);
			name = "[CP] Check Pods Manifest.lock";
			outputPaths = (
				"$(DERIVED_FILE_DIR)/Pods-XCTest-Gherkin_Example-XCTest-Gherkin_ExampleUITests-checkManifestLockResult.txt",
			);
			runOnlyForDeploymentPostprocessing = 0;
			shellPath = /bin/sh;
			shellScript = "diff \"${PODS_PODFILE_DIR_PATH}/Podfile.lock\" \"${PODS_ROOT}/Manifest.lock\" > /dev/null\nif [ $? != 0 ] ; then\n    # print error to STDERR\n    echo \"error: The sandbox is not in sync with the Podfile.lock. Run 'pod install' or update your CocoaPods installation.\" >&2\n    exit 1\nfi\n# This output is used by Xcode 'outputs' to avoid re-running this script phase.\necho \"SUCCESS\" > \"${SCRIPT_OUTPUT_FILE_0}\"\n";
			showEnvVarsInLog = 0;
		};
		EAF11B3A1A7631C8CABDFB89 /* [CP] Check Pods Manifest.lock */ = {
			isa = PBXShellScriptBuildPhase;
			buildActionMask = 2147483647;
			files = (
			);
			inputPaths = (
				"${PODS_PODFILE_DIR_PATH}/Podfile.lock",
				"${PODS_ROOT}/Manifest.lock",
			);
			name = "[CP] Check Pods Manifest.lock";
			outputPaths = (
				"$(DERIVED_FILE_DIR)/Pods-XCTest-Gherkin_Example-XCTest-Gherkin_Tests-checkManifestLockResult.txt",
			);
			runOnlyForDeploymentPostprocessing = 0;
			shellPath = /bin/sh;
			shellScript = "diff \"${PODS_PODFILE_DIR_PATH}/Podfile.lock\" \"${PODS_ROOT}/Manifest.lock\" > /dev/null\nif [ $? != 0 ] ; then\n    # print error to STDERR\n    echo \"error: The sandbox is not in sync with the Podfile.lock. Run 'pod install' or update your CocoaPods installation.\" >&2\n    exit 1\nfi\n# This output is used by Xcode 'outputs' to avoid re-running this script phase.\necho \"SUCCESS\" > \"${SCRIPT_OUTPUT_FILE_0}\"\n";
			showEnvVarsInLog = 0;
		};
/* End PBXShellScriptBuildPhase section */

/* Begin PBXSourcesBuildPhase section */
		607FACCC1AFB9204008FA782 /* Sources */ = {
			isa = PBXSourcesBuildPhase;
			buildActionMask = 2147483647;
			files = (
				607FACD81AFB9204008FA782 /* ViewController.swift in Sources */,
				607FACD61AFB9204008FA782 /* AppDelegate.swift in Sources */,
			);
			runOnlyForDeploymentPostprocessing = 0;
		};
		607FACE11AFB9204008FA782 /* Sources */ = {
			isa = PBXSourcesBuildPhase;
			buildActionMask = 2147483647;
			files = (
				E8C172641D25197C006A99DF /* ExampleNativeFeatureTest.swift in Sources */,
				9B9DF95F1DDB3A4500EDBDDF /* ExampleNativeRunnerTest.swift in Sources */,
				E5805C011BEA93CE00D3ECD5 /* ExampleFeatures.swift in Sources */,
				B5FC01A7213A0A66006B5A48 /* NativeFeatureParserTests.swift in Sources */,
				B5FC01AF213AB45F006B5A48 /* BackgroundTests.swift in Sources */,
				A055C1B120F8DC5B00539791 /* MultipleTestRunTests.swift in Sources */,
				27D846191C59282A002C835B /* StringGherkinExtensionTests.swift in Sources */,
				578212291E94B1610048D25F /* ExampleNativeOrderTest.swift in Sources */,
				E5E12D691BEBE1AA00EA1D61 /* ExampleNativeTest.swift in Sources */,
				5782122B1E974A570048D25F /* NativeScenarioTest.swift in Sources */,
				63D949F922DE7740002646F3 /* ScenarioContextTests.swift in Sources */,
				E5805C031BEA93E900D3ECD5 /* SanitySteps.swift in Sources */,
				B5F7CFB921320DDF001643BD /* ExampleNativeLocalisationTest.swift in Sources */,
				B5772A4F21C7D006005A1EB4 /* NativeDataTableTest.swift in Sources */,
			);
			runOnlyForDeploymentPostprocessing = 0;
		};
		E53F47CE1D020EB80077CCCD /* Sources */ = {
			isa = PBXSourcesBuildPhase;
			buildActionMask = 2147483647;
			files = (
				E53F47E11D0210500077CCCD /* UITestStepDefinitions.swift in Sources */,
				E53F47DF1D02103C0077CCCD /* XCTest_Gherkin_ExampleUITests.swift in Sources */,
			);
			runOnlyForDeploymentPostprocessing = 0;
		};
/* End PBXSourcesBuildPhase section */

/* Begin PBXTargetDependency section */
		607FACE71AFB9204008FA782 /* PBXTargetDependency */ = {
			isa = PBXTargetDependency;
			target = 607FACCF1AFB9204008FA782 /* XCTest-Gherkin_Example */;
			targetProxy = 607FACE61AFB9204008FA782 /* PBXContainerItemProxy */;
		};
		E53F47D81D020EB80077CCCD /* PBXTargetDependency */ = {
			isa = PBXTargetDependency;
			target = 607FACCF1AFB9204008FA782 /* XCTest-Gherkin_Example */;
			targetProxy = E53F47D71D020EB80077CCCD /* PBXContainerItemProxy */;
		};
/* End PBXTargetDependency section */

/* Begin PBXVariantGroup section */
		607FACD91AFB9204008FA782 /* Main.storyboard */ = {
			isa = PBXVariantGroup;
			children = (
				607FACDA1AFB9204008FA782 /* Base */,
			);
			name = Main.storyboard;
			sourceTree = "<group>";
		};
		607FACDE1AFB9204008FA782 /* LaunchScreen.xib */ = {
			isa = PBXVariantGroup;
			children = (
				607FACDF1AFB9204008FA782 /* Base */,
			);
			name = LaunchScreen.xib;
			sourceTree = "<group>";
		};
/* End PBXVariantGroup section */

/* Begin XCBuildConfiguration section */
		607FACED1AFB9204008FA782 /* Debug */ = {
			isa = XCBuildConfiguration;
			buildSettings = {
				ALWAYS_SEARCH_USER_PATHS = NO;
				CLANG_CXX_LANGUAGE_STANDARD = "gnu++0x";
				CLANG_CXX_LIBRARY = "libc++";
				CLANG_ENABLE_MODULES = YES;
				CLANG_ENABLE_OBJC_ARC = YES;
				CLANG_WARN_BLOCK_CAPTURE_AUTORELEASING = YES;
				CLANG_WARN_BOOL_CONVERSION = YES;
				CLANG_WARN_COMMA = YES;
				CLANG_WARN_CONSTANT_CONVERSION = YES;
				CLANG_WARN_DEPRECATED_OBJC_IMPLEMENTATIONS = YES;
				CLANG_WARN_DIRECT_OBJC_ISA_USAGE = YES_ERROR;
				CLANG_WARN_EMPTY_BODY = YES;
				CLANG_WARN_ENUM_CONVERSION = YES;
				CLANG_WARN_INFINITE_RECURSION = YES;
				CLANG_WARN_INT_CONVERSION = YES;
				CLANG_WARN_NON_LITERAL_NULL_CONVERSION = YES;
				CLANG_WARN_OBJC_IMPLICIT_RETAIN_SELF = YES;
				CLANG_WARN_OBJC_LITERAL_CONVERSION = YES;
				CLANG_WARN_OBJC_ROOT_CLASS = YES_ERROR;
				CLANG_WARN_RANGE_LOOP_ANALYSIS = YES;
				CLANG_WARN_STRICT_PROTOTYPES = YES;
				CLANG_WARN_SUSPICIOUS_MOVE = YES;
				CLANG_WARN_UNREACHABLE_CODE = YES;
				CLANG_WARN__DUPLICATE_METHOD_MATCH = YES;
				"CODE_SIGN_IDENTITY[sdk=iphoneos*]" = "iPhone Developer";
				COPY_PHASE_STRIP = NO;
				DEBUG_INFORMATION_FORMAT = "dwarf-with-dsym";
				ENABLE_BITCODE = NO;
				ENABLE_STRICT_OBJC_MSGSEND = YES;
				ENABLE_TESTABILITY = YES;
				GCC_C_LANGUAGE_STANDARD = gnu99;
				GCC_DYNAMIC_NO_PIC = NO;
				GCC_NO_COMMON_BLOCKS = YES;
				GCC_OPTIMIZATION_LEVEL = 0;
				GCC_PREPROCESSOR_DEFINITIONS = (
					"DEBUG=1",
					"$(inherited)",
				);
				GCC_SYMBOLS_PRIVATE_EXTERN = NO;
				GCC_WARN_64_TO_32_BIT_CONVERSION = YES;
				GCC_WARN_ABOUT_RETURN_TYPE = YES_ERROR;
				GCC_WARN_UNDECLARED_SELECTOR = YES;
				GCC_WARN_UNINITIALIZED_AUTOS = YES_AGGRESSIVE;
				GCC_WARN_UNUSED_FUNCTION = YES;
				GCC_WARN_UNUSED_VARIABLE = YES;
				IPHONEOS_DEPLOYMENT_TARGET = 8.3;
				MTL_ENABLE_DEBUG_INFO = YES;
				ONLY_ACTIVE_ARCH = YES;
				SDKROOT = iphoneos;
				SWIFT_OPTIMIZATION_LEVEL = "-Onone";
				SWIFT_VERSION = 5.0;
			};
			name = Debug;
		};
		607FACEE1AFB9204008FA782 /* Release */ = {
			isa = XCBuildConfiguration;
			buildSettings = {
				ALWAYS_SEARCH_USER_PATHS = NO;
				CLANG_CXX_LANGUAGE_STANDARD = "gnu++0x";
				CLANG_CXX_LIBRARY = "libc++";
				CLANG_ENABLE_MODULES = YES;
				CLANG_ENABLE_OBJC_ARC = YES;
				CLANG_WARN_BLOCK_CAPTURE_AUTORELEASING = YES;
				CLANG_WARN_BOOL_CONVERSION = YES;
				CLANG_WARN_COMMA = YES;
				CLANG_WARN_CONSTANT_CONVERSION = YES;
				CLANG_WARN_DEPRECATED_OBJC_IMPLEMENTATIONS = YES;
				CLANG_WARN_DIRECT_OBJC_ISA_USAGE = YES_ERROR;
				CLANG_WARN_EMPTY_BODY = YES;
				CLANG_WARN_ENUM_CONVERSION = YES;
				CLANG_WARN_INFINITE_RECURSION = YES;
				CLANG_WARN_INT_CONVERSION = YES;
				CLANG_WARN_NON_LITERAL_NULL_CONVERSION = YES;
				CLANG_WARN_OBJC_IMPLICIT_RETAIN_SELF = YES;
				CLANG_WARN_OBJC_LITERAL_CONVERSION = YES;
				CLANG_WARN_OBJC_ROOT_CLASS = YES_ERROR;
				CLANG_WARN_RANGE_LOOP_ANALYSIS = YES;
				CLANG_WARN_STRICT_PROTOTYPES = YES;
				CLANG_WARN_SUSPICIOUS_MOVE = YES;
				CLANG_WARN_UNREACHABLE_CODE = YES;
				CLANG_WARN__DUPLICATE_METHOD_MATCH = YES;
				"CODE_SIGN_IDENTITY[sdk=iphoneos*]" = "iPhone Developer";
				COPY_PHASE_STRIP = NO;
				DEBUG_INFORMATION_FORMAT = "dwarf-with-dsym";
				ENABLE_BITCODE = NO;
				ENABLE_NS_ASSERTIONS = NO;
				ENABLE_STRICT_OBJC_MSGSEND = YES;
				GCC_C_LANGUAGE_STANDARD = gnu99;
				GCC_NO_COMMON_BLOCKS = YES;
				GCC_WARN_64_TO_32_BIT_CONVERSION = YES;
				GCC_WARN_ABOUT_RETURN_TYPE = YES_ERROR;
				GCC_WARN_UNDECLARED_SELECTOR = YES;
				GCC_WARN_UNINITIALIZED_AUTOS = YES_AGGRESSIVE;
				GCC_WARN_UNUSED_FUNCTION = YES;
				GCC_WARN_UNUSED_VARIABLE = YES;
				IPHONEOS_DEPLOYMENT_TARGET = 8.3;
				MTL_ENABLE_DEBUG_INFO = NO;
				SDKROOT = iphoneos;
				SWIFT_OPTIMIZATION_LEVEL = "-Owholemodule";
				SWIFT_VERSION = 5.0;
				VALIDATE_PRODUCT = YES;
			};
			name = Release;
		};
		607FACF01AFB9204008FA782 /* Debug */ = {
			isa = XCBuildConfiguration;
			baseConfigurationReference = 5B3A3F15B04E49E181011C20 /* Pods-XCTest-Gherkin_Example.debug.xcconfig */;
			buildSettings = {
				ASSETCATALOG_COMPILER_APPICON_NAME = AppIcon;
				ENABLE_BITCODE = NO;
				INFOPLIST_FILE = "XCTest-Gherkin/Info.plist";
				LD_RUNPATH_SEARCH_PATHS = "$(inherited) @executable_path/Frameworks";
				MODULE_NAME = ExampleApp;
				PRODUCT_BUNDLE_IDENTIFIER = "org.cocoapods.demo.$(PRODUCT_NAME:rfc1034identifier)";
				PRODUCT_NAME = "$(TARGET_NAME)";
				SWIFT_VERSION = 5.0;
			};
			name = Debug;
		};
		607FACF11AFB9204008FA782 /* Release */ = {
			isa = XCBuildConfiguration;
			baseConfigurationReference = 341B7FAE13C5A98236C5A5BF /* Pods-XCTest-Gherkin_Example.release.xcconfig */;
			buildSettings = {
				ASSETCATALOG_COMPILER_APPICON_NAME = AppIcon;
				ENABLE_BITCODE = NO;
				INFOPLIST_FILE = "XCTest-Gherkin/Info.plist";
				LD_RUNPATH_SEARCH_PATHS = "$(inherited) @executable_path/Frameworks";
				MODULE_NAME = ExampleApp;
				PRODUCT_BUNDLE_IDENTIFIER = "org.cocoapods.demo.$(PRODUCT_NAME:rfc1034identifier)";
				PRODUCT_NAME = "$(TARGET_NAME)";
				SWIFT_VERSION = 5.0;
			};
			name = Release;
		};
		607FACF31AFB9204008FA782 /* Debug */ = {
			isa = XCBuildConfiguration;
			baseConfigurationReference = 6B239BDEED48C1DC1299C5E1 /* Pods-XCTest-Gherkin_Example-XCTest-Gherkin_Tests.debug.xcconfig */;
			buildSettings = {
				BUNDLE_LOADER = "$(TEST_HOST)";
				FRAMEWORK_SEARCH_PATHS = (
					"$(SDKROOT)/Developer/Library/Frameworks",
					"$(inherited)",
				);
				GCC_PREPROCESSOR_DEFINITIONS = (
					"DEBUG=1",
					"$(inherited)",
				);
				INFOPLIST_FILE = Tests/Info.plist;
				LD_RUNPATH_SEARCH_PATHS = "$(inherited) @executable_path/Frameworks @loader_path/Frameworks";
				PRODUCT_BUNDLE_IDENTIFIER = "org.cocoapods.$(PRODUCT_NAME:rfc1034identifier)";
				PRODUCT_NAME = "$(TARGET_NAME)";
				SWIFT_VERSION = 5.0;
				TEST_HOST = "$(BUILT_PRODUCTS_DIR)/XCTest-Gherkin_Example.app/XCTest-Gherkin_Example";
			};
			name = Debug;
		};
		607FACF41AFB9204008FA782 /* Release */ = {
			isa = XCBuildConfiguration;
			baseConfigurationReference = B7D6D77505C82843307F74EC /* Pods-XCTest-Gherkin_Example-XCTest-Gherkin_Tests.release.xcconfig */;
			buildSettings = {
				BUNDLE_LOADER = "$(TEST_HOST)";
				FRAMEWORK_SEARCH_PATHS = (
					"$(SDKROOT)/Developer/Library/Frameworks",
					"$(inherited)",
				);
				INFOPLIST_FILE = Tests/Info.plist;
				LD_RUNPATH_SEARCH_PATHS = "$(inherited) @executable_path/Frameworks @loader_path/Frameworks";
				PRODUCT_BUNDLE_IDENTIFIER = "org.cocoapods.$(PRODUCT_NAME:rfc1034identifier)";
				PRODUCT_NAME = "$(TARGET_NAME)";
				SWIFT_VERSION = 5.0;
				TEST_HOST = "$(BUILT_PRODUCTS_DIR)/XCTest-Gherkin_Example.app/XCTest-Gherkin_Example";
			};
			name = Release;
		};
		E53F47D91D020EB80077CCCD /* Debug */ = {
			isa = XCBuildConfiguration;
			baseConfigurationReference = CA536550DE8FDBABA88D3F1E /* Pods-XCTest-Gherkin_Example-XCTest-Gherkin_ExampleUITests.debug.xcconfig */;
			buildSettings = {
				CLANG_ANALYZER_NONNULL = YES;
				DEBUG_INFORMATION_FORMAT = dwarf;
				ENABLE_TESTABILITY = YES;
				INFOPLIST_FILE = "XCTest-Gherkin_ExampleUITests/Info.plist";
				IPHONEOS_DEPLOYMENT_TARGET = 9.3;
				LD_RUNPATH_SEARCH_PATHS = "$(inherited) @executable_path/Frameworks @loader_path/Frameworks";
				PRODUCT_BUNDLE_IDENTIFIER = "com.net-a-porter.XCTest-Gherkin-ExampleUITests";
				PRODUCT_NAME = "$(TARGET_NAME)";
				SWIFT_VERSION = 5.0;
				TEST_TARGET_NAME = "XCTest-Gherkin_Example";
			};
			name = Debug;
		};
		E53F47DA1D020EB80077CCCD /* Release */ = {
			isa = XCBuildConfiguration;
			baseConfigurationReference = CA8B701E9DF0C2ED4847D00A /* Pods-XCTest-Gherkin_Example-XCTest-Gherkin_ExampleUITests.release.xcconfig */;
			buildSettings = {
				CLANG_ANALYZER_NONNULL = YES;
				INFOPLIST_FILE = "XCTest-Gherkin_ExampleUITests/Info.plist";
				IPHONEOS_DEPLOYMENT_TARGET = 9.3;
				LD_RUNPATH_SEARCH_PATHS = "$(inherited) @executable_path/Frameworks @loader_path/Frameworks";
				PRODUCT_BUNDLE_IDENTIFIER = "com.net-a-porter.XCTest-Gherkin-ExampleUITests";
				PRODUCT_NAME = "$(TARGET_NAME)";
				SWIFT_VERSION = 5.0;
				TEST_TARGET_NAME = "XCTest-Gherkin_Example";
			};
			name = Release;
		};
/* End XCBuildConfiguration section */

/* Begin XCConfigurationList section */
		607FACCB1AFB9204008FA782 /* Build configuration list for PBXProject "XCTest-Gherkin" */ = {
			isa = XCConfigurationList;
			buildConfigurations = (
				607FACED1AFB9204008FA782 /* Debug */,
				607FACEE1AFB9204008FA782 /* Release */,
			);
			defaultConfigurationIsVisible = 0;
			defaultConfigurationName = Release;
		};
		607FACEF1AFB9204008FA782 /* Build configuration list for PBXNativeTarget "XCTest-Gherkin_Example" */ = {
			isa = XCConfigurationList;
			buildConfigurations = (
				607FACF01AFB9204008FA782 /* Debug */,
				607FACF11AFB9204008FA782 /* Release */,
			);
			defaultConfigurationIsVisible = 0;
			defaultConfigurationName = Release;
		};
		607FACF21AFB9204008FA782 /* Build configuration list for PBXNativeTarget "XCTest-Gherkin_Tests" */ = {
			isa = XCConfigurationList;
			buildConfigurations = (
				607FACF31AFB9204008FA782 /* Debug */,
				607FACF41AFB9204008FA782 /* Release */,
			);
			defaultConfigurationIsVisible = 0;
			defaultConfigurationName = Release;
		};
		E53F47DB1D020EB80077CCCD /* Build configuration list for PBXNativeTarget "XCTest-Gherkin_ExampleUITests" */ = {
			isa = XCConfigurationList;
			buildConfigurations = (
				E53F47D91D020EB80077CCCD /* Debug */,
				E53F47DA1D020EB80077CCCD /* Release */,
			);
			defaultConfigurationIsVisible = 0;
			defaultConfigurationName = Release;
		};
/* End XCConfigurationList section */
	};
	rootObject = 607FACC81AFB9204008FA782 /* Project object */;
}
